
Microsoft Visual Studio Solution File, Format Version 12.00
# Visual Studio Version 16
VisualStudioVersion = 16.0.30413.136
MinimumVisualStudioVersion = 10.0.40219.1
Project("{FAE04EC0-301F-11D3-BF4B-00C04F79EFBC}") = "Sort the odd", "Sort the odd\Sort the odd.csproj", "{9907D832-5886-4C72-9CEA-7DF7622BA2E8}"
EndProject
Global
	GlobalSection(SolutionConfigurationPlatforms) = preSolution
		Debug|Any CPU = Debug|Any CPU
		Release|Any CPU = Release|Any CPU
	EndGlobalSection
	GlobalSection(ProjectConfigurationPlatforms) = postSolution
		{9907D832-5886-4C72-9CEA-7DF7622BA2E8}.Debug|Any CPU.ActiveCfg = Debug|Any CPU
		{9907D832-5886-4C72-9CEA-7DF7622BA2E8}.Debug|Any CPU.Build.0 = Debug|Any CPU
		{9907D832-5886-4C72-9CEA-7DF7622BA2E8}.Release|Any CPU.ActiveCfg = Release|Any CPU
		{9907D832-5886-4C72-9CEA-7DF7622BA2E8}.Release|Any CPU.Build.0 = Release|Any CPU
	EndGlobalSection
	GlobalSection(SolutionProperties) = preSolution
		HideSolutionNode = FALSE
	EndGlobalSection
	GlobalSection(ExtensibilityGlobals) = postSolution
		SolutionGuid = {D5929ABC-F0FF-4682-A658-F2C6DBA2420D}
	EndGlobalSection
EndGlobal
